
Microsoft Visual Studio Solution File, Format Version 12.00
# Visual Studio Version 17
VisualStudioVersion = 17.3.32825.248
MinimumVisualStudioVersion = 10.0.40219.1
Project("{FAE04EC0-301F-11D3-BF4B-00C04F79EFBC}") = "ArchiveProject.App", "ArchiveProject.App\ArchiveProject.App.csproj", "{8D35EE5F-EE95-49CE-8067-2D9C96C913E3}"
EndProject
Global
	GlobalSection(SolutionConfigurationPlatforms) = preSolution
		Debug|Any CPU = Debug|Any CPU
		Release|Any CPU = Release|Any CPU
	EndGlobalSection
	GlobalSection(ProjectConfigurationPlatforms) = postSolution
		{8D35EE5F-EE95-49CE-8067-2D9C96C913E3}.Debug|Any CPU.ActiveCfg = Debug|Any CPU
		{8D35EE5F-EE95-49CE-8067-2D9C96C913E3}.Debug|Any CPU.Build.0 = Debug|Any CPU
		{8D35EE5F-EE95-49CE-8067-2D9C96C913E3}.Release|Any CPU.ActiveCfg = Release|Any CPU
		{8D35EE5F-EE95-49CE-8067-2D9C96C913E3}.Release|Any CPU.Build.0 = Release|Any CPU
	EndGlobalSection
	GlobalSection(SolutionProperties) = preSolution
		HideSolutionNode = FALSE
	EndGlobalSection
	GlobalSection(ExtensibilityGlobals) = postSolution
		SolutionGuid = {51CA15B9-5CF6-4485-86FC-E960BCDA47B7}
	EndGlobalSection
EndGlobal
